
Microsoft Visual Studio Solution File, Format Version 12.00
# Visual Studio 2013
VisualStudioVersion = 12.0.30723.0
MinimumVisualStudioVersion = 10.0.40219.1
Project("{FAE04EC0-301F-11D3-BF4B-00C04F79EFBC}") = "MvcEFTest", "MvcEFTest\MvcEFTest.csproj", "{3A88F54D-A7B8-45B9-88FA-077FAD64F3BF}"
EndProject
Project("{FAE04EC0-301F-11D3-BF4B-00C04F79EFBC}") = "MvcEFTest.Tests", "MvcEFTest.Tests\MvcEFTest.Tests.csproj", "{656AE670-ABE4-44C2-B282-EB2129F65252}"
EndProject
Project("{FAE04EC0-301F-11D3-BF4B-00C04F79EFBC}") = "MvcEFTest.Entities", "MvcEFTest.Entities\MvcEFTest.Entities.csproj", "{8D441719-164D-4E4B-9618-BDF987C4DE69}"
EndProject
Global
	GlobalSection(SolutionConfigurationPlatforms) = preSolution
		Debug|Any CPU = Debug|Any CPU
		Release|Any CPU = Release|Any CPU
	EndGlobalSection
	GlobalSection(ProjectConfigurationPlatforms) = postSolution
		{3A88F54D-A7B8-45B9-88FA-077FAD64F3BF}.Debug|Any CPU.ActiveCfg = Debug|Any CPU
		{3A88F54D-A7B8-45B9-88FA-077FAD64F3BF}.Debug|Any CPU.Build.0 = Debug|Any CPU
		{3A88F54D-A7B8-45B9-88FA-077FAD64F3BF}.Release|Any CPU.ActiveCfg = Release|Any CPU
		{3A88F54D-A7B8-45B9-88FA-077FAD64F3BF}.Release|Any CPU.Build.0 = Release|Any CPU
		{656AE670-ABE4-44C2-B282-EB2129F65252}.Debug|Any CPU.ActiveCfg = Debug|Any CPU
		{656AE670-ABE4-44C2-B282-EB2129F65252}.Debug|Any CPU.Build.0 = Debug|Any CPU
		{656AE670-ABE4-44C2-B282-EB2129F65252}.Release|Any CPU.ActiveCfg = Release|Any CPU
		{656AE670-ABE4-44C2-B282-EB2129F65252}.Release|Any CPU.Build.0 = Release|Any CPU
		{8D441719-164D-4E4B-9618-BDF987C4DE69}.Debug|Any CPU.ActiveCfg = Debug|Any CPU
		{8D441719-164D-4E4B-9618-BDF987C4DE69}.Debug|Any CPU.Build.0 = Debug|Any CPU
		{8D441719-164D-4E4B-9618-BDF987C4DE69}.Release|Any CPU.ActiveCfg = Release|Any CPU
		{8D441719-164D-4E4B-9618-BDF987C4DE69}.Release|Any CPU.Build.0 = Release|Any CPU
	EndGlobalSection
	GlobalSection(SolutionProperties) = preSolution
		HideSolutionNode = FALSE
	EndGlobalSection
EndGlobal
